// !$*UTF8*$!
{
	archiveVersion = 1;
	classes = {
	};
	objectVersion = 55;
	objects = {

/* Begin PBXBuildFile section */
		2DD0613E28B094CF007A750F /* AppDelegate.swift in Sources */ = {isa = PBXBuildFile; fileRef = 2DD0613D28B094CF007A750F /* AppDelegate.swift */; };
		2DD0614028B094CF007A750F /* SceneDelegate.swift in Sources */ = {isa = PBXBuildFile; fileRef = 2DD0613F28B094CF007A750F /* SceneDelegate.swift */; };
		2DD0614228B094CF007A750F /* ViewController.swift in Sources */ = {isa = PBXBuildFile; fileRef = 2DD0614128B094CF007A750F /* ViewController.swift */; };
		2DD0614528B094CF007A750F /* Main.storyboard in Resources */ = {isa = PBXBuildFile; fileRef = 2DD0614328B094CF007A750F /* Main.storyboard */; };
		2DD0614728B094D0007A750F /* Assets.xcassets in Resources */ = {isa = PBXBuildFile; fileRef = 2DD0614628B094D0007A750F /* Assets.xcassets */; };
		2DD0614A28B094D0007A750F /* LaunchScreen.storyboard in Resources */ = {isa = PBXBuildFile; fileRef = 2DD0614828B094D0007A750F /* LaunchScreen.storyboard */; };
		2DD0615528B094D0007A750F /* ChatMonkTests.swift in Sources */ = {isa = PBXBuildFile; fileRef = 2DD0615428B094D0007A750F /* ChatMonkTests.swift */; };
		2DD0615F28B094D0007A750F /* ChatMonkUITests.swift in Sources */ = {isa = PBXBuildFile; fileRef = 2DD0615E28B094D0007A750F /* ChatMonkUITests.swift */; };
		2DD0616128B094D0007A750F /* ChatMonkUITestsLaunchTests.swift in Sources */ = {isa = PBXBuildFile; fileRef = 2DD0616028B094D0007A750F /* ChatMonkUITestsLaunchTests.swift */; };
		2DD0616E28B097B6007A750F /* .gitignore in Resources */ = {isa = PBXBuildFile; fileRef = 2DD0616D28B097B6007A750F /* .gitignore */; };
		2DD0618F28B09840007A750F /* Person.swift in Sources */ = {isa = PBXBuildFile; fileRef = 2DD0617028B09840007A750F /* Person.swift */; };
		2DD0619028B09840007A750F /* Message.swift in Sources */ = {isa = PBXBuildFile; fileRef = 2DD0617128B09840007A750F /* Message.swift */; };
		2DD0619128B09840007A750F /* Single.swift in Sources */ = {isa = PBXBuildFile; fileRef = 2DD0617228B09840007A750F /* Single.swift */; };
		2DD0619228B09840007A750F /* Member.swift in Sources */ = {isa = PBXBuildFile; fileRef = 2DD0617328B09840007A750F /* Member.swift */; };
		2DD0619328B09840007A750F /* Detail.swift in Sources */ = {isa = PBXBuildFile; fileRef = 2DD0617428B09840007A750F /* Detail.swift */; };
		2DD0619428B09840007A750F /* BaseModel.swift in Sources */ = {isa = PBXBuildFile; fileRef = 2DD0617528B09840007A750F /* BaseModel.swift */; };
		2DD0619528B09840007A750F /* Group.swift in Sources */ = {isa = PBXBuildFile; fileRef = 2DD0617628B09840007A750F /* Group.swift */; };
		2DD0619628B09840007A750F /* GroupViewModel.swift in Sources */ = {isa = PBXBuildFile; fileRef = 2DD0617828B09840007A750F /* GroupViewModel.swift */; };
		2DD0619728B09840007A750F /* SingleViewModel.swift in Sources */ = {isa = PBXBuildFile; fileRef = 2DD0617928B09840007A750F /* SingleViewModel.swift */; };
		2DD0619828B09840007A750F /* BaseViewModel.swift in Sources */ = {isa = PBXBuildFile; fileRef = 2DD0617A28B09840007A750F /* BaseViewModel.swift */; };
		2DD0619928B09840007A750F /* MemberViewModel.swift in Sources */ = {isa = PBXBuildFile; fileRef = 2DD0617B28B09840007A750F /* MemberViewModel.swift */; };
		2DD0619A28B09840007A750F /* PersonViewModel.swift in Sources */ = {isa = PBXBuildFile; fileRef = 2DD0617C28B09840007A750F /* PersonViewModel.swift */; };
		2DD0619B28B09840007A750F /* MessageViewModel.swift in Sources */ = {isa = PBXBuildFile; fileRef = 2DD0617D28B09840007A750F /* MessageViewModel.swift */; };
		2DD0619C28B09840007A750F /* DetailViewModel.swift in Sources */ = {isa = PBXBuildFile; fileRef = 2DD0617E28B09840007A750F /* DetailViewModel.swift */; };
		2DD0619D28B09840007A750F /* DateExtension.swift in Sources */ = {isa = PBXBuildFile; fileRef = 2DD0618028B09840007A750F /* DateExtension.swift */; };
		2DD0619E28B09840007A750F /* FirebaseSetting.swift in Sources */ = {isa = PBXBuildFile; fileRef = 2DD0618228B09840007A750F /* FirebaseSetting.swift */; };
		2DD0619F28B09840007A750F /* Enums.swift in Sources */ = {isa = PBXBuildFile; fileRef = 2DD0618428B09840007A750F /* Enums.swift */; };
		2DD061A028B09840007A750F /* MessageFirebaseRepository.swift in Sources */ = {isa = PBXBuildFile; fileRef = 2DD0618628B09840007A750F /* MessageFirebaseRepository.swift */; };
		2DD061A128B09840007A750F /* FirebaseQueries.swift in Sources */ = {isa = PBXBuildFile; fileRef = 2DD0618728B09840007A750F /* FirebaseQueries.swift */; };
		2DD061A228B09840007A750F /* DetailFirebaseRepository.swift in Sources */ = {isa = PBXBuildFile; fileRef = 2DD0618828B09840007A750F /* DetailFirebaseRepository.swift */; };
		2DD061A328B09840007A750F /* MemberFirebaseRepository.swift in Sources */ = {isa = PBXBuildFile; fileRef = 2DD0618928B09840007A750F /* MemberFirebaseRepository.swift */; };
		2DD061A428B09840007A750F /* PersonFirebaseRepository.swift in Sources */ = {isa = PBXBuildFile; fileRef = 2DD0618A28B09840007A750F /* PersonFirebaseRepository.swift */; };
		2DD061A528B09840007A750F /* GroupFirebaseRepository.swift in Sources */ = {isa = PBXBuildFile; fileRef = 2DD0618B28B09840007A750F /* GroupFirebaseRepository.swift */; };
		2DD061A628B09840007A750F /* SingleFirebaseRepository.swift in Sources */ = {isa = PBXBuildFile; fileRef = 2DD0618C28B09840007A750F /* SingleFirebaseRepository.swift */; };
		2DD061A728B09840007A750F /* BaseFirebaseRepository.swift in Sources */ = {isa = PBXBuildFile; fileRef = 2DD0618D28B09840007A750F /* BaseFirebaseRepository.swift */; };
		2DD061A928B0994B007A750F /* GoogleService-Info.plist in Resources */ = {isa = PBXBuildFile; fileRef = 2DD061A828B0994B007A750F /* GoogleService-Info.plist */; };
/* End PBXBuildFile section */

/* Begin PBXContainerItemProxy section */
		2DD0615128B094D0007A750F /* PBXContainerItemProxy */ = {
			isa = PBXContainerItemProxy;
			containerPortal = 2DD0613228B094CF007A750F /* Project object */;
			proxyType = 1;
			remoteGlobalIDString = 2DD0613928B094CF007A750F;
			remoteInfo = ChatMonk;
		};
		2DD0615B28B094D0007A750F /* PBXContainerItemProxy */ = {
			isa = PBXContainerItemProxy;
			containerPortal = 2DD0613228B094CF007A750F /* Project object */;
			proxyType = 1;
			remoteGlobalIDString = 2DD0613928B094CF007A750F;
			remoteInfo = ChatMonk;
		};
/* End PBXContainerItemProxy section */

/* Begin PBXFileReference section */
		2DD0613A28B094CF007A750F /* ChatMonk.app */ = {isa = PBXFileReference; explicitFileType = wrapper.application; includeInIndex = 0; path = ChatMonk.app; sourceTree = BUILT_PRODUCTS_DIR; };
		2DD0613D28B094CF007A750F /* AppDelegate.swift */ = {isa = PBXFileReference; lastKnownFileType = sourcecode.swift; path = AppDelegate.swift; sourceTree = "<group>"; };
		2DD0613F28B094CF007A750F /* SceneDelegate.swift */ = {isa = PBXFileReference; lastKnownFileType = sourcecode.swift; path = SceneDelegate.swift; sourceTree = "<group>"; };
		2DD0614128B094CF007A750F /* ViewController.swift */ = {isa = PBXFileReference; lastKnownFileType = sourcecode.swift; path = ViewController.swift; sourceTree = "<group>"; };
		2DD0614428B094CF007A750F /* Base */ = {isa = PBXFileReference; lastKnownFileType = file.storyboard; name = Base; path = Base.lproj/Main.storyboard; sourceTree = "<group>"; };
		2DD0614628B094D0007A750F /* Assets.xcassets */ = {isa = PBXFileReference; lastKnownFileType = folder.assetcatalog; path = Assets.xcassets; sourceTree = "<group>"; };
		2DD0614928B094D0007A750F /* Base */ = {isa = PBXFileReference; lastKnownFileType = file.storyboard; name = Base; path = Base.lproj/LaunchScreen.storyboard; sourceTree = "<group>"; };
		2DD0614B28B094D0007A750F /* Info.plist */ = {isa = PBXFileReference; lastKnownFileType = text.plist.xml; path = Info.plist; sourceTree = "<group>"; };
		2DD0615028B094D0007A750F /* ChatMonkTests.xctest */ = {isa = PBXFileReference; explicitFileType = wrapper.cfbundle; includeInIndex = 0; path = ChatMonkTests.xctest; sourceTree = BUILT_PRODUCTS_DIR; };
		2DD0615428B094D0007A750F /* ChatMonkTests.swift */ = {isa = PBXFileReference; lastKnownFileType = sourcecode.swift; path = ChatMonkTests.swift; sourceTree = "<group>"; };
		2DD0615A28B094D0007A750F /* ChatMonkUITests.xctest */ = {isa = PBXFileReference; explicitFileType = wrapper.cfbundle; includeInIndex = 0; path = ChatMonkUITests.xctest; sourceTree = BUILT_PRODUCTS_DIR; };
		2DD0615E28B094D0007A750F /* ChatMonkUITests.swift */ = {isa = PBXFileReference; lastKnownFileType = sourcecode.swift; path = ChatMonkUITests.swift; sourceTree = "<group>"; };
		2DD0616028B094D0007A750F /* ChatMonkUITestsLaunchTests.swift */ = {isa = PBXFileReference; lastKnownFileType = sourcecode.swift; path = ChatMonkUITestsLaunchTests.swift; sourceTree = "<group>"; };
		2DD0616D28B097B6007A750F /* .gitignore */ = {isa = PBXFileReference; fileEncoding = 4; lastKnownFileType = text; path = .gitignore; sourceTree = "<group>"; };
		2DD0617028B09840007A750F /* Person.swift */ = {isa = PBXFileReference; fileEncoding = 4; lastKnownFileType = sourcecode.swift; path = Person.swift; sourceTree = "<group>"; };
		2DD0617128B09840007A750F /* Message.swift */ = {isa = PBXFileReference; fileEncoding = 4; lastKnownFileType = sourcecode.swift; path = Message.swift; sourceTree = "<group>"; };
		2DD0617228B09840007A750F /* Single.swift */ = {isa = PBXFileReference; fileEncoding = 4; lastKnownFileType = sourcecode.swift; path = Single.swift; sourceTree = "<group>"; };
		2DD0617328B09840007A750F /* Member.swift */ = {isa = PBXFileReference; fileEncoding = 4; lastKnownFileType = sourcecode.swift; path = Member.swift; sourceTree = "<group>"; };
		2DD0617428B09840007A750F /* Detail.swift */ = {isa = PBXFileReference; fileEncoding = 4; lastKnownFileType = sourcecode.swift; path = Detail.swift; sourceTree = "<group>"; };
		2DD0617528B09840007A750F /* BaseModel.swift */ = {isa = PBXFileReference; fileEncoding = 4; lastKnownFileType = sourcecode.swift; path = BaseModel.swift; sourceTree = "<group>"; };
		2DD0617628B09840007A750F /* Group.swift */ = {isa = PBXFileReference; fileEncoding = 4; lastKnownFileType = sourcecode.swift; path = Group.swift; sourceTree = "<group>"; };
		2DD0617828B09840007A750F /* GroupViewModel.swift */ = {isa = PBXFileReference; fileEncoding = 4; lastKnownFileType = sourcecode.swift; path = GroupViewModel.swift; sourceTree = "<group>"; };
		2DD0617928B09840007A750F /* SingleViewModel.swift */ = {isa = PBXFileReference; fileEncoding = 4; lastKnownFileType = sourcecode.swift; path = SingleViewModel.swift; sourceTree = "<group>"; };
		2DD0617A28B09840007A750F /* BaseViewModel.swift */ = {isa = PBXFileReference; fileEncoding = 4; lastKnownFileType = sourcecode.swift; path = BaseViewModel.swift; sourceTree = "<group>"; };
		2DD0617B28B09840007A750F /* MemberViewModel.swift */ = {isa = PBXFileReference; fileEncoding = 4; lastKnownFileType = sourcecode.swift; path = MemberViewModel.swift; sourceTree = "<group>"; };
		2DD0617C28B09840007A750F /* PersonViewModel.swift */ = {isa = PBXFileReference; fileEncoding = 4; lastKnownFileType = sourcecode.swift; path = PersonViewModel.swift; sourceTree = "<group>"; };
		2DD0617D28B09840007A750F /* MessageViewModel.swift */ = {isa = PBXFileReference; fileEncoding = 4; lastKnownFileType = sourcecode.swift; path = MessageViewModel.swift; sourceTree = "<group>"; };
		2DD0617E28B09840007A750F /* DetailViewModel.swift */ = {isa = PBXFileReference; fileEncoding = 4; lastKnownFileType = sourcecode.swift; path = DetailViewModel.swift; sourceTree = "<group>"; };
		2DD0618028B09840007A750F /* DateExtension.swift */ = {isa = PBXFileReference; fileEncoding = 4; lastKnownFileType = sourcecode.swift; path = DateExtension.swift; sourceTree = "<group>"; };
		2DD0618228B09840007A750F /* FirebaseSetting.swift */ = {isa = PBXFileReference; fileEncoding = 4; lastKnownFileType = sourcecode.swift; path = FirebaseSetting.swift; sourceTree = "<group>"; };
		2DD0618428B09840007A750F /* Enums.swift */ = {isa = PBXFileReference; fileEncoding = 4; lastKnownFileType = sourcecode.swift; path = Enums.swift; sourceTree = "<group>"; };
		2DD0618628B09840007A750F /* MessageFirebaseRepository.swift */ = {isa = PBXFileReference; fileEncoding = 4; lastKnownFileType = sourcecode.swift; path = MessageFirebaseRepository.swift; sourceTree = "<group>"; };
		2DD0618728B09840007A750F /* FirebaseQueries.swift */ = {isa = PBXFileReference; fileEncoding = 4; lastKnownFileType = sourcecode.swift; path = FirebaseQueries.swift; sourceTree = "<group>"; };
		2DD0618828B09840007A750F /* DetailFirebaseRepository.swift */ = {isa = PBXFileReference; fileEncoding = 4; lastKnownFileType = sourcecode.swift; path = DetailFirebaseRepository.swift; sourceTree = "<group>"; };
		2DD0618928B09840007A750F /* MemberFirebaseRepository.swift */ = {isa = PBXFileReference; fileEncoding = 4; lastKnownFileType = sourcecode.swift; path = MemberFirebaseRepository.swift; sourceTree = "<group>"; };
		2DD0618A28B09840007A750F /* PersonFirebaseRepository.swift */ = {isa = PBXFileReference; fileEncoding = 4; lastKnownFileType = sourcecode.swift; path = PersonFirebaseRepository.swift; sourceTree = "<group>"; };
		2DD0618B28B09840007A750F /* GroupFirebaseRepository.swift */ = {isa = PBXFileReference; fileEncoding = 4; lastKnownFileType = sourcecode.swift; path = GroupFirebaseRepository.swift; sourceTree = "<group>"; };
		2DD0618C28B09840007A750F /* SingleFirebaseRepository.swift */ = {isa = PBXFileReference; fileEncoding = 4; lastKnownFileType = sourcecode.swift; path = SingleFirebaseRepository.swift; sourceTree = "<group>"; };
		2DD0618D28B09840007A750F /* BaseFirebaseRepository.swift */ = {isa = PBXFileReference; fileEncoding = 4; lastKnownFileType = sourcecode.swift; path = BaseFirebaseRepository.swift; sourceTree = "<group>"; };
		2DD061A828B0994B007A750F /* GoogleService-Info.plist */ = {isa = PBXFileReference; fileEncoding = 4; lastKnownFileType = text.plist.xml; path = "GoogleService-Info.plist"; sourceTree = "<group>"; };
/* End PBXFileReference section */

/* Begin PBXFrameworksBuildPhase section */
		2DD0613728B094CF007A750F /* Frameworks */ = {
			isa = PBXFrameworksBuildPhase;
			buildActionMask = 2147483647;
			files = (
			);
			runOnlyForDeploymentPostprocessing = 0;
		};
		2DD0614D28B094D0007A750F /* Frameworks */ = {
			isa = PBXFrameworksBuildPhase;
			buildActionMask = 2147483647;
			files = (
			);
			runOnlyForDeploymentPostprocessing = 0;
		};
		2DD0615728B094D0007A750F /* Frameworks */ = {
			isa = PBXFrameworksBuildPhase;
			buildActionMask = 2147483647;
			files = (
			);
			runOnlyForDeploymentPostprocessing = 0;
		};
/* End PBXFrameworksBuildPhase section */

/* Begin PBXGroup section */
		2DD0613128B094CF007A750F = {
			isa = PBXGroup;
			children = (
				2DD0616D28B097B6007A750F /* .gitignore */,
				2DD0613C28B094CF007A750F /* ChatMonk */,
				2DD0615328B094D0007A750F /* ChatMonkTests */,
				2DD0615D28B094D0007A750F /* ChatMonkUITests */,
				2DD0613B28B094CF007A750F /* Products */,
			);
			sourceTree = "<group>";
		};
		2DD0613B28B094CF007A750F /* Products */ = {
			isa = PBXGroup;
			children = (
				2DD0613A28B094CF007A750F /* ChatMonk.app */,
				2DD0615028B094D0007A750F /* ChatMonkTests.xctest */,
				2DD0615A28B094D0007A750F /* ChatMonkUITests.xctest */,
			);
			name = Products;
			sourceTree = "<group>";
		};
		2DD0613C28B094CF007A750F /* ChatMonk */ = {
			isa = PBXGroup;
			children = (
				2DD061A828B0994B007A750F /* GoogleService-Info.plist */,
				2DD0618E28B09840007A750F /* ChatManager */,
				2DD0618328B09840007A750F /* Constants */,
				2DD0617F28B09840007A750F /* extensions */,
				2DD0618528B09840007A750F /* FirebaseRepository */,
				2DD0616F28B09840007A750F /* models */,
				2DD0618128B09840007A750F /* Settings */,
				2DD0617728B09840007A750F /* ViewModels */,
				2DD0613D28B094CF007A750F /* AppDelegate.swift */,
				2DD0613F28B094CF007A750F /* SceneDelegate.swift */,
				2DD0614128B094CF007A750F /* ViewController.swift */,
				2DD0614328B094CF007A750F /* Main.storyboard */,
				2DD0614628B094D0007A750F /* Assets.xcassets */,
				2DD0614828B094D0007A750F /* LaunchScreen.storyboard */,
				2DD0614B28B094D0007A750F /* Info.plist */,
			);
			path = ChatMonk;
			sourceTree = "<group>";
		};
		2DD0615328B094D0007A750F /* ChatMonkTests */ = {
			isa = PBXGroup;
			children = (
				2DD0615428B094D0007A750F /* ChatMonkTests.swift */,
			);
			path = ChatMonkTests;
			sourceTree = "<group>";
		};
		2DD0615D28B094D0007A750F /* ChatMonkUITests */ = {
			isa = PBXGroup;
			children = (
				2DD0615E28B094D0007A750F /* ChatMonkUITests.swift */,
				2DD0616028B094D0007A750F /* ChatMonkUITestsLaunchTests.swift */,
			);
			path = ChatMonkUITests;
			sourceTree = "<group>";
		};
		2DD0616F28B09840007A750F /* models */ = {
			isa = PBXGroup;
			children = (
				2DD0617028B09840007A750F /* Person.swift */,
				2DD0617128B09840007A750F /* Message.swift */,
				2DD0617228B09840007A750F /* Single.swift */,
				2DD0617328B09840007A750F /* Member.swift */,
				2DD0617428B09840007A750F /* Detail.swift */,
				2DD0617528B09840007A750F /* BaseModel.swift */,
				2DD0617628B09840007A750F /* Group.swift */,
			);
			path = models;
			sourceTree = "<group>";
		};
		2DD0617728B09840007A750F /* ViewModels */ = {
			isa = PBXGroup;
			children = (
				2DD0617828B09840007A750F /* GroupViewModel.swift */,
				2DD0617928B09840007A750F /* SingleViewModel.swift */,
				2DD0617A28B09840007A750F /* BaseViewModel.swift */,
				2DD0617B28B09840007A750F /* MemberViewModel.swift */,
				2DD0617C28B09840007A750F /* PersonViewModel.swift */,
				2DD0617D28B09840007A750F /* MessageViewModel.swift */,
				2DD0617E28B09840007A750F /* DetailViewModel.swift */,
			);
			path = ViewModels;
			sourceTree = "<group>";
		};
		2DD0617F28B09840007A750F /* extensions */ = {
			isa = PBXGroup;
			children = (
				2DD0618028B09840007A750F /* DateExtension.swift */,
			);
			path = extensions;
			sourceTree = "<group>";
		};
		2DD0618128B09840007A750F /* Settings */ = {
			isa = PBXGroup;
			children = (
				2DD0618228B09840007A750F /* FirebaseSetting.swift */,
			);
			path = Settings;
			sourceTree = "<group>";
		};
		2DD0618328B09840007A750F /* Constants */ = {
			isa = PBXGroup;
			children = (
				2DD0618428B09840007A750F /* Enums.swift */,
			);
			path = Constants;
			sourceTree = "<group>";
		};
		2DD0618528B09840007A750F /* FirebaseRepository */ = {
			isa = PBXGroup;
			children = (
				2DD0618628B09840007A750F /* MessageFirebaseRepository.swift */,
				2DD0618728B09840007A750F /* FirebaseQueries.swift */,
				2DD0618828B09840007A750F /* DetailFirebaseRepository.swift */,
				2DD0618928B09840007A750F /* MemberFirebaseRepository.swift */,
				2DD0618A28B09840007A750F /* PersonFirebaseRepository.swift */,
				2DD0618B28B09840007A750F /* GroupFirebaseRepository.swift */,
				2DD0618C28B09840007A750F /* SingleFirebaseRepository.swift */,
				2DD0618D28B09840007A750F /* BaseFirebaseRepository.swift */,
			);
			path = FirebaseRepository;
			sourceTree = "<group>";
		};
		2DD0618E28B09840007A750F /* ChatManager */ = {
			isa = PBXGroup;
			children = (
			);
			path = ChatManager;
			sourceTree = "<group>";
		};
/* End PBXGroup section */

/* Begin PBXNativeTarget section */
		2DD0613928B094CF007A750F /* ChatMonk */ = {
			isa = PBXNativeTarget;
			buildConfigurationList = 2DD0616428B094D0007A750F /* Build configuration list for PBXNativeTarget "ChatMonk" */;
			buildPhases = (
				2DD0613628B094CF007A750F /* Sources */,
				2DD0613728B094CF007A750F /* Frameworks */,
				2DD0613828B094CF007A750F /* Resources */,
			);
			buildRules = (
			);
			dependencies = (
			);
			name = ChatMonk;
			productName = ChatMonk;
			productReference = 2DD0613A28B094CF007A750F /* ChatMonk.app */;
			productType = "com.apple.product-type.application";
		};
		2DD0614F28B094D0007A750F /* ChatMonkTests */ = {
			isa = PBXNativeTarget;
			buildConfigurationList = 2DD0616728B094D0007A750F /* Build configuration list for PBXNativeTarget "ChatMonkTests" */;
			buildPhases = (
				2DD0614C28B094D0007A750F /* Sources */,
				2DD0614D28B094D0007A750F /* Frameworks */,
				2DD0614E28B094D0007A750F /* Resources */,
			);
			buildRules = (
			);
			dependencies = (
				2DD0615228B094D0007A750F /* PBXTargetDependency */,
			);
			name = ChatMonkTests;
			productName = ChatMonkTests;
			productReference = 2DD0615028B094D0007A750F /* ChatMonkTests.xctest */;
			productType = "com.apple.product-type.bundle.unit-test";
		};
		2DD0615928B094D0007A750F /* ChatMonkUITests */ = {
			isa = PBXNativeTarget;
			buildConfigurationList = 2DD0616A28B094D0007A750F /* Build configuration list for PBXNativeTarget "ChatMonkUITests" */;
			buildPhases = (
				2DD0615628B094D0007A750F /* Sources */,
				2DD0615728B094D0007A750F /* Frameworks */,
				2DD0615828B094D0007A750F /* Resources */,
			);
			buildRules = (
			);
			dependencies = (
				2DD0615C28B094D0007A750F /* PBXTargetDependency */,
			);
			name = ChatMonkUITests;
			productName = ChatMonkUITests;
			productReference = 2DD0615A28B094D0007A750F /* ChatMonkUITests.xctest */;
			productType = "com.apple.product-type.bundle.ui-testing";
		};
/* End PBXNativeTarget section */

/* Begin PBXProject section */
		2DD0613228B094CF007A750F /* Project object */ = {
			isa = PBXProject;
			attributes = {
				BuildIndependentTargetsInParallel = 1;
				LastSwiftUpdateCheck = 1340;
				LastUpgradeCheck = 1340;
				TargetAttributes = {
					2DD0613928B094CF007A750F = {
						CreatedOnToolsVersion = 13.4.1;
					};
					2DD0614F28B094D0007A750F = {
						CreatedOnToolsVersion = 13.4.1;
						TestTargetID = 2DD0613928B094CF007A750F;
					};
					2DD0615928B094D0007A750F = {
						CreatedOnToolsVersion = 13.4.1;
						TestTargetID = 2DD0613928B094CF007A750F;
					};
				};
			};
			buildConfigurationList = 2DD0613528B094CF007A750F /* Build configuration list for PBXProject "ChatMonk" */;
			compatibilityVersion = "Xcode 13.0";
			developmentRegion = en;
			hasScannedForEncodings = 0;
			knownRegions = (
				en,
				Base,
			);
			mainGroup = 2DD0613128B094CF007A750F;
			productRefGroup = 2DD0613B28B094CF007A750F /* Products */;
			projectDirPath = "";
			projectRoot = "";
			targets = (
				2DD0613928B094CF007A750F /* ChatMonk */,
				2DD0614F28B094D0007A750F /* ChatMonkTests */,
				2DD0615928B094D0007A750F /* ChatMonkUITests */,
			);
		};
/* End PBXProject section */

/* Begin PBXResourcesBuildPhase section */
		2DD0613828B094CF007A750F /* Resources */ = {
			isa = PBXResourcesBuildPhase;
			buildActionMask = 2147483647;
			files = (
				2DD0616E28B097B6007A750F /* .gitignore in Resources */,
				2DD0614A28B094D0007A750F /* LaunchScreen.storyboard in Resources */,
				2DD061A928B0994B007A750F /* GoogleService-Info.plist in Resources */,
				2DD0614728B094D0007A750F /* Assets.xcassets in Resources */,
				2DD0614528B094CF007A750F /* Main.storyboard in Resources */,
			);
			runOnlyForDeploymentPostprocessing = 0;
		};
		2DD0614E28B094D0007A750F /* Resources */ = {
			isa = PBXResourcesBuildPhase;
			buildActionMask = 2147483647;
			files = (
			);
			runOnlyForDeploymentPostprocessing = 0;
		};
		2DD0615828B094D0007A750F /* Resources */ = {
			isa = PBXResourcesBuildPhase;
			buildActionMask = 2147483647;
			files = (
			);
			runOnlyForDeploymentPostprocessing = 0;
		};
/* End PBXResourcesBuildPhase section */

/* Begin PBXSourcesBuildPhase section */
		2DD0613628B094CF007A750F /* Sources */ = {
			isa = PBXSourcesBuildPhase;
			buildActionMask = 2147483647;
			files = (
				2DD061A428B09840007A750F /* PersonFirebaseRepository.swift in Sources */,
				2DD0619C28B09840007A750F /* DetailViewModel.swift in Sources */,
				2DD0619428B09840007A750F /* BaseModel.swift in Sources */,
				2DD061A328B09840007A750F /* MemberFirebaseRepository.swift in Sources */,
				2DD061A228B09840007A750F /* DetailFirebaseRepository.swift in Sources */,
				2DD0619F28B09840007A750F /* Enums.swift in Sources */,
				2DD061A128B09840007A750F /* FirebaseQueries.swift in Sources */,
				2DD061A028B09840007A750F /* MessageFirebaseRepository.swift in Sources */,
				2DD061A528B09840007A750F /* GroupFirebaseRepository.swift in Sources */,
				2DD0619628B09840007A750F /* GroupViewModel.swift in Sources */,
				2DD0619B28B09840007A750F /* MessageViewModel.swift in Sources */,
				2DD0619928B09840007A750F /* MemberViewModel.swift in Sources */,
				2DD0619728B09840007A750F /* SingleViewModel.swift in Sources */,
				2DD0614228B094CF007A750F /* ViewController.swift in Sources */,
				2DD0613E28B094CF007A750F /* AppDelegate.swift in Sources */,
				2DD0619E28B09840007A750F /* FirebaseSetting.swift in Sources */,
				2DD0619A28B09840007A750F /* PersonViewModel.swift in Sources */,
				2DD0619528B09840007A750F /* Group.swift in Sources */,
				2DD0619328B09840007A750F /* Detail.swift in Sources */,
				2DD061A728B09840007A750F /* BaseFirebaseRepository.swift in Sources */,
				2DD0619828B09840007A750F /* BaseViewModel.swift in Sources */,
				2DD061A628B09840007A750F /* SingleFirebaseRepository.swift in Sources */,
				2DD0619028B09840007A750F /* Message.swift in Sources */,
				2DD0619D28B09840007A750F /* DateExtension.swift in Sources */,
				2DD0619128B09840007A750F /* Single.swift in Sources */,
				2DD0618F28B09840007A750F /* Person.swift in Sources */,
				2DD0619228B09840007A750F /* Member.swift in Sources */,
				2DD0614028B094CF007A750F /* SceneDelegate.swift in Sources */,
			);
			runOnlyForDeploymentPostprocessing = 0;
		};
		2DD0614C28B094D0007A750F /* Sources */ = {
			isa = PBXSourcesBuildPhase;
			buildActionMask = 2147483647;
			files = (
				2DD0615528B094D0007A750F /* ChatMonkTests.swift in Sources */,
			);
			runOnlyForDeploymentPostprocessing = 0;
		};
		2DD0615628B094D0007A750F /* Sources */ = {
			isa = PBXSourcesBuildPhase;
			buildActionMask = 2147483647;
			files = (
				2DD0616128B094D0007A750F /* ChatMonkUITestsLaunchTests.swift in Sources */,
				2DD0615F28B094D0007A750F /* ChatMonkUITests.swift in Sources */,
			);
			runOnlyForDeploymentPostprocessing = 0;
		};
/* End PBXSourcesBuildPhase section */

/* Begin PBXTargetDependency section */
		2DD0615228B094D0007A750F /* PBXTargetDependency */ = {
			isa = PBXTargetDependency;
			target = 2DD0613928B094CF007A750F /* ChatMonk */;
			targetProxy = 2DD0615128B094D0007A750F /* PBXContainerItemProxy */;
		};
		2DD0615C28B094D0007A750F /* PBXTargetDependency */ = {
			isa = PBXTargetDependency;
			target = 2DD0613928B094CF007A750F /* ChatMonk */;
			targetProxy = 2DD0615B28B094D0007A750F /* PBXContainerItemProxy */;
		};
/* End PBXTargetDependency section */

/* Begin PBXVariantGroup section */
		2DD0614328B094CF007A750F /* Main.storyboard */ = {
			isa = PBXVariantGroup;
			children = (
				2DD0614428B094CF007A750F /* Base */,
			);
			name = Main.storyboard;
			sourceTree = "<group>";
		};
		2DD0614828B094D0007A750F /* LaunchScreen.storyboard */ = {
			isa = PBXVariantGroup;
			children = (
				2DD0614928B094D0007A750F /* Base */,
			);
			name = LaunchScreen.storyboard;
			sourceTree = "<group>";
		};
/* End PBXVariantGroup section */

/* Begin XCBuildConfiguration section */
		2DD0616228B094D0007A750F /* Debug */ = {
			isa = XCBuildConfiguration;
			buildSettings = {
				ALWAYS_SEARCH_USER_PATHS = NO;
				CLANG_ANALYZER_NONNULL = YES;
				CLANG_ANALYZER_NUMBER_OBJECT_CONVERSION = YES_AGGRESSIVE;
				CLANG_CXX_LANGUAGE_STANDARD = "gnu++17";
				CLANG_ENABLE_MODULES = YES;
				CLANG_ENABLE_OBJC_ARC = YES;
				CLANG_ENABLE_OBJC_WEAK = YES;
				CLANG_WARN_BLOCK_CAPTURE_AUTORELEASING = YES;
				CLANG_WARN_BOOL_CONVERSION = YES;
				CLANG_WARN_COMMA = YES;
				CLANG_WARN_CONSTANT_CONVERSION = YES;
				CLANG_WARN_DEPRECATED_OBJC_IMPLEMENTATIONS = YES;
				CLANG_WARN_DIRECT_OBJC_ISA_USAGE = YES_ERROR;
				CLANG_WARN_DOCUMENTATION_COMMENTS = YES;
				CLANG_WARN_EMPTY_BODY = YES;
				CLANG_WARN_ENUM_CONVERSION = YES;
				CLANG_WARN_INFINITE_RECURSION = YES;
				CLANG_WARN_INT_CONVERSION = YES;
				CLANG_WARN_NON_LITERAL_NULL_CONVERSION = YES;
				CLANG_WARN_OBJC_IMPLICIT_RETAIN_SELF = YES;
				CLANG_WARN_OBJC_LITERAL_CONVERSION = YES;
				CLANG_WARN_OBJC_ROOT_CLASS = YES_ERROR;
				CLANG_WARN_QUOTED_INCLUDE_IN_FRAMEWORK_HEADER = YES;
				CLANG_WARN_RANGE_LOOP_ANALYSIS = YES;
				CLANG_WARN_STRICT_PROTOTYPES = YES;
				CLANG_WARN_SUSPICIOUS_MOVE = YES;
				CLANG_WARN_UNGUARDED_AVAILABILITY = YES_AGGRESSIVE;
				CLANG_WARN_UNREACHABLE_CODE = YES;
				CLANG_WARN__DUPLICATE_METHOD_MATCH = YES;
				COPY_PHASE_STRIP = NO;
				DEBUG_INFORMATION_FORMAT = dwarf;
				ENABLE_STRICT_OBJC_MSGSEND = YES;
				ENABLE_TESTABILITY = YES;
				GCC_C_LANGUAGE_STANDARD = gnu11;
				GCC_DYNAMIC_NO_PIC = NO;
				GCC_NO_COMMON_BLOCKS = YES;
				GCC_OPTIMIZATION_LEVEL = 0;
				GCC_PREPROCESSOR_DEFINITIONS = (
					"DEBUG=1",
					"$(inherited)",
				);
				GCC_WARN_64_TO_32_BIT_CONVERSION = YES;
				GCC_WARN_ABOUT_RETURN_TYPE = YES_ERROR;
				GCC_WARN_UNDECLARED_SELECTOR = YES;
				GCC_WARN_UNINITIALIZED_AUTOS = YES_AGGRESSIVE;
				GCC_WARN_UNUSED_FUNCTION = YES;
				GCC_WARN_UNUSED_VARIABLE = YES;
				IPHONEOS_DEPLOYMENT_TARGET = 15.5;
				MTL_ENABLE_DEBUG_INFO = INCLUDE_SOURCE;
				MTL_FAST_MATH = YES;
				ONLY_ACTIVE_ARCH = YES;
				SDKROOT = iphoneos;
				SWIFT_ACTIVE_COMPILATION_CONDITIONS = DEBUG;
				SWIFT_OPTIMIZATION_LEVEL = "-Onone";
			};
			name = Debug;
		};
		2DD0616328B094D0007A750F /* Release */ = {
			isa = XCBuildConfiguration;
			buildSettings = {
				ALWAYS_SEARCH_USER_PATHS = NO;
				CLANG_ANALYZER_NONNULL = YES;
				CLANG_ANALYZER_NUMBER_OBJECT_CONVERSION = YES_AGGRESSIVE;
				CLANG_CXX_LANGUAGE_STANDARD = "gnu++17";
				CLANG_ENABLE_MODULES = YES;
				CLANG_ENABLE_OBJC_ARC = YES;
				CLANG_ENABLE_OBJC_WEAK = YES;
				CLANG_WARN_BLOCK_CAPTURE_AUTORELEASING = YES;
				CLANG_WARN_BOOL_CONVERSION = YES;
				CLANG_WARN_COMMA = YES;
				CLANG_WARN_CONSTANT_CONVERSION = YES;
				CLANG_WARN_DEPRECATED_OBJC_IMPLEMENTATIONS = YES;
				CLANG_WARN_DIRECT_OBJC_ISA_USAGE = YES_ERROR;
				CLANG_WARN_DOCUMENTATION_COMMENTS = YES;
				CLANG_WARN_EMPTY_BODY = YES;
				CLANG_WARN_ENUM_CONVERSION = YES;
				CLANG_WARN_INFINITE_RECURSION = YES;
				CLANG_WARN_INT_CONVERSION = YES;
				CLANG_WARN_NON_LITERAL_NULL_CONVERSION = YES;
				CLANG_WARN_OBJC_IMPLICIT_RETAIN_SELF = YES;
				CLANG_WARN_OBJC_LITERAL_CONVERSION = YES;
				CLANG_WARN_OBJC_ROOT_CLASS = YES_ERROR;
				CLANG_WARN_QUOTED_INCLUDE_IN_FRAMEWORK_HEADER = YES;
				CLANG_WARN_RANGE_LOOP_ANALYSIS = YES;
				CLANG_WARN_STRICT_PROTOTYPES = YES;
				CLANG_WARN_SUSPICIOUS_MOVE = YES;
				CLANG_WARN_UNGUARDED_AVAILABILITY = YES_AGGRESSIVE;
				CLANG_WARN_UNREACHABLE_CODE = YES;
				CLANG_WARN__DUPLICATE_METHOD_MATCH = YES;
				COPY_PHASE_STRIP = NO;
				DEBUG_INFORMATION_FORMAT = "dwarf-with-dsym";
				ENABLE_NS_ASSERTIONS = NO;
				ENABLE_STRICT_OBJC_MSGSEND = YES;
				GCC_C_LANGUAGE_STANDARD = gnu11;
				GCC_NO_COMMON_BLOCKS = YES;
				GCC_WARN_64_TO_32_BIT_CONVERSION = YES;
				GCC_WARN_ABOUT_RETURN_TYPE = YES_ERROR;
				GCC_WARN_UNDECLARED_SELECTOR = YES;
				GCC_WARN_UNINITIALIZED_AUTOS = YES_AGGRESSIVE;
				GCC_WARN_UNUSED_FUNCTION = YES;
				GCC_WARN_UNUSED_VARIABLE = YES;
				IPHONEOS_DEPLOYMENT_TARGET = 15.5;
				MTL_ENABLE_DEBUG_INFO = NO;
				MTL_FAST_MATH = YES;
				SDKROOT = iphoneos;
				SWIFT_COMPILATION_MODE = wholemodule;
				SWIFT_OPTIMIZATION_LEVEL = "-O";
				VALIDATE_PRODUCT = YES;
			};
			name = Release;
		};
		2DD0616528B094D0007A750F /* Debug */ = {
			isa = XCBuildConfiguration;
			buildSettings = {
				ASSETCATALOG_COMPILER_APPICON_NAME = AppIcon;
				ASSETCATALOG_COMPILER_GLOBAL_ACCENT_COLOR_NAME = AccentColor;
				CODE_SIGN_STYLE = Automatic;
				CURRENT_PROJECT_VERSION = 1;
				DEVELOPMENT_TEAM = QQK6RRP2WV;
				GENERATE_INFOPLIST_FILE = YES;
				INFOPLIST_FILE = ChatMonk/Info.plist;
				INFOPLIST_KEY_UIApplicationSupportsIndirectInputEvents = YES;
				INFOPLIST_KEY_UILaunchStoryboardName = LaunchScreen;
				INFOPLIST_KEY_UIMainStoryboardFile = Main;
				INFOPLIST_KEY_UISupportedInterfaceOrientations_iPad = "UIInterfaceOrientationPortrait UIInterfaceOrientationPortraitUpsideDown UIInterfaceOrientationLandscapeLeft UIInterfaceOrientationLandscapeRight";
				INFOPLIST_KEY_UISupportedInterfaceOrientations_iPhone = "UIInterfaceOrientationPortrait UIInterfaceOrientationLandscapeLeft UIInterfaceOrientationLandscapeRight";
				LD_RUNPATH_SEARCH_PATHS = (
					"$(inherited)",
					"@executable_path/Frameworks",
				);
				MARKETING_VERSION = 1.0;
				PRODUCT_BUNDLE_IDENTIFIER = au.com.redmonk.ChatMonk;
				PRODUCT_NAME = "$(TARGET_NAME)";
				SWIFT_EMIT_LOC_STRINGS = YES;
				SWIFT_VERSION = 5.0;
				TARGETED_DEVICE_FAMILY = "1,2";
			};
			name = Debug;
		};
		2DD0616628B094D0007A750F /* Release */ = {
			isa = XCBuildConfiguration;
			buildSettings = {
				ASSETCATALOG_COMPILER_APPICON_NAME = AppIcon;
				ASSETCATALOG_COMPILER_GLOBAL_ACCENT_COLOR_NAME = AccentColor;
				CODE_SIGN_STYLE = Automatic;
				CURRENT_PROJECT_VERSION = 1;
				DEVELOPMENT_TEAM = QQK6RRP2WV;
				GENERATE_INFOPLIST_FILE = YES;
				INFOPLIST_FILE = ChatMonk/Info.plist;
				INFOPLIST_KEY_UIApplicationSupportsIndirectInputEvents = YES;
				INFOPLIST_KEY_UILaunchStoryboardName = LaunchScreen;
				INFOPLIST_KEY_UIMainStoryboardFile = Main;
				INFOPLIST_KEY_UISupportedInterfaceOrientations_iPad = "UIInterfaceOrientationPortrait UIInterfaceOrientationPortraitUpsideDown UIInterfaceOrientationLandscapeLeft UIInterfaceOrientationLandscapeRight";
				INFOPLIST_KEY_UISupportedInterfaceOrientations_iPhone = "UIInterfaceOrientationPortrait UIInterfaceOrientationLandscapeLeft UIInterfaceOrientationLandscapeRight";
				LD_RUNPATH_SEARCH_PATHS = (
					"$(inherited)",
					"@executable_path/Frameworks",
				);
				MARKETING_VERSION = 1.0;
				PRODUCT_BUNDLE_IDENTIFIER = au.com.redmonk.ChatMonk;
				PRODUCT_NAME = "$(TARGET_NAME)";
				SWIFT_EMIT_LOC_STRINGS = YES;
				SWIFT_VERSION = 5.0;
				TARGETED_DEVICE_FAMILY = "1,2";
			};
			name = Release;
		};
		2DD0616828B094D0007A750F /* Debug */ = {
			isa = XCBuildConfiguration;
			buildSettings = {
				ALWAYS_EMBED_SWIFT_STANDARD_LIBRARIES = YES;
				BUNDLE_LOADER = "$(TEST_HOST)";
				CODE_SIGN_STYLE = Automatic;
				CURRENT_PROJECT_VERSION = 1;
				DEVELOPMENT_TEAM = QQK6RRP2WV;
				GENERATE_INFOPLIST_FILE = YES;
				IPHONEOS_DEPLOYMENT_TARGET = 15.5;
				MARKETING_VERSION = 1.0;
				PRODUCT_BUNDLE_IDENTIFIER = au.com.redmonk.ChatMonkTests;
				PRODUCT_NAME = "$(TARGET_NAME)";
				SWIFT_EMIT_LOC_STRINGS = NO;
				SWIFT_VERSION = 5.0;
				TARGETED_DEVICE_FAMILY = "1,2";
				TEST_HOST = "$(BUILT_PRODUCTS_DIR)/ChatMonk.app/ChatMonk";
			};
			name = Debug;
		};
		2DD0616928B094D0007A750F /* Release */ = {
			isa = XCBuildConfiguration;
			buildSettings = {
				ALWAYS_EMBED_SWIFT_STANDARD_LIBRARIES = YES;
				BUNDLE_LOADER = "$(TEST_HOST)";
				CODE_SIGN_STYLE = Automatic;
				CURRENT_PROJECT_VERSION = 1;
				DEVELOPMENT_TEAM = QQK6RRP2WV;
				GENERATE_INFOPLIST_FILE = YES;
				IPHONEOS_DEPLOYMENT_TARGET = 15.5;
				MARKETING_VERSION = 1.0;
				PRODUCT_BUNDLE_IDENTIFIER = au.com.redmonk.ChatMonkTests;
				PRODUCT_NAME = "$(TARGET_NAME)";
				SWIFT_EMIT_LOC_STRINGS = NO;
				SWIFT_VERSION = 5.0;
				TARGETED_DEVICE_FAMILY = "1,2";
				TEST_HOST = "$(BUILT_PRODUCTS_DIR)/ChatMonk.app/ChatMonk";
			};
			name = Release;
		};
		2DD0616B28B094D0007A750F /* Debug */ = {
			isa = XCBuildConfiguration;
			buildSettings = {
				ALWAYS_EMBED_SWIFT_STANDARD_LIBRARIES = YES;
				CODE_SIGN_STYLE = Automatic;
				CURRENT_PROJECT_VERSION = 1;
				DEVELOPMENT_TEAM = QQK6RRP2WV;
				GENERATE_INFOPLIST_FILE = YES;
				MARKETING_VERSION = 1.0;
				PRODUCT_BUNDLE_IDENTIFIER = au.com.redmonk.ChatMonkUITests;
				PRODUCT_NAME = "$(TARGET_NAME)";
				SWIFT_EMIT_LOC_STRINGS = NO;
				SWIFT_VERSION = 5.0;
				TARGETED_DEVICE_FAMILY = "1,2";
				TEST_TARGET_NAME = ChatMonk;
			};
			name = Debug;
		};
		2DD0616C28B094D0007A750F /* Release */ = {
			isa = XCBuildConfiguration;
			buildSettings = {
				ALWAYS_EMBED_SWIFT_STANDARD_LIBRARIES = YES;
				CODE_SIGN_STYLE = Automatic;
				CURRENT_PROJECT_VERSION = 1;
				DEVELOPMENT_TEAM = QQK6RRP2WV;
				GENERATE_INFOPLIST_FILE = YES;
				MARKETING_VERSION = 1.0;
				PRODUCT_BUNDLE_IDENTIFIER = au.com.redmonk.ChatMonkUITests;
				PRODUCT_NAME = "$(TARGET_NAME)";
				SWIFT_EMIT_LOC_STRINGS = NO;
				SWIFT_VERSION = 5.0;
				TARGETED_DEVICE_FAMILY = "1,2";
				TEST_TARGET_NAME = ChatMonk;
			};
			name = Release;
		};
/* End XCBuildConfiguration section */

/* Begin XCConfigurationList section */
		2DD0613528B094CF007A750F /* Build configuration list for PBXProject "ChatMonk" */ = {
			isa = XCConfigurationList;
			buildConfigurations = (
				2DD0616228B094D0007A750F /* Debug */,
				2DD0616328B094D0007A750F /* Release */,
			);
			defaultConfigurationIsVisible = 0;
			defaultConfigurationName = Release;
		};
		2DD0616428B094D0007A750F /* Build configuration list for PBXNativeTarget "ChatMonk" */ = {
			isa = XCConfigurationList;
			buildConfigurations = (
				2DD0616528B094D0007A750F /* Debug */,
				2DD0616628B094D0007A750F /* Release */,
			);
			defaultConfigurationIsVisible = 0;
			defaultConfigurationName = Release;
		};
		2DD0616728B094D0007A750F /* Build configuration list for PBXNativeTarget "ChatMonkTests" */ = {
			isa = XCConfigurationList;
			buildConfigurations = (
				2DD0616828B094D0007A750F /* Debug */,
				2DD0616928B094D0007A750F /* Release */,
			);
			defaultConfigurationIsVisible = 0;
			defaultConfigurationName = Release;
		};
		2DD0616A28B094D0007A750F /* Build configuration list for PBXNativeTarget "ChatMonkUITests" */ = {
			isa = XCConfigurationList;
			buildConfigurations = (
				2DD0616B28B094D0007A750F /* Debug */,
				2DD0616C28B094D0007A750F /* Release */,
			);
			defaultConfigurationIsVisible = 0;
			defaultConfigurationName = Release;
		};
/* End XCConfigurationList section */
	};
	rootObject = 2DD0613228B094CF007A750F /* Project object */;
}
